{
  "svk_versions": [
    "4.0"
  ],
  "download_urls": {
    "continuous": "https://eu-data-act.drivesomethinggreater.com/content/dam/datahub/pdf/data-dictionary/251022_01_SVK_DataDictionary_V4.0_Continous_Data.pdf",
    "historical": "https://eu-data-act.drivesomethinggreater.com/content/dam/datahub/pdf/data-dictionary/251022_01_SVK_DataDictionary_V4.0_Historical%20Data.pdf",
    "version": "4.0",
    "prefix": "251022_01"
  },
  "page_sha256": "1753253b6702b06a142abd5fb10a7a3636453a85f8a449fa581ff212493c9b5b"
}
